
Microsoft Visual Studio Solution File, Format Version 12.00
# Visual Studio 15
VisualStudioVersion = 15.0.26730.3
MinimumVisualStudioVersion = 10.0.40219.1
Project("{888888A0-9F3D-457C-B088-3A5042F75D52}") = "PythonPractice", "PythonPractice\PythonPractice.pyproj", "{91FE27C9-05AA-43A1-A63E-53B9CD38CB42}"
EndProject
Global
	GlobalSection(SolutionConfigurationPlatforms) = preSolution
		Debug|Any CPU = Debug|Any CPU
		Release|Any CPU = Release|Any CPU
	EndGlobalSection
	GlobalSection(ProjectConfigurationPlatforms) = postSolution
		{91FE27C9-05AA-43A1-A63E-53B9CD38CB42}.Debug|Any CPU.ActiveCfg = Debug|Any CPU
		{91FE27C9-05AA-43A1-A63E-53B9CD38CB42}.Release|Any CPU.ActiveCfg = Release|Any CPU
	EndGlobalSection
	GlobalSection(SolutionProperties) = preSolution
		HideSolutionNode = FALSE
	EndGlobalSection
	GlobalSection(ExtensibilityGlobals) = postSolution
		SolutionGuid = {BE876F2B-779E-4211-830A-8664BEAEC0BE}
	EndGlobalSection
EndGlobal
